
Microsoft Visual Studio Solution File, Format Version 12.00
# Visual Studio Version 17
VisualStudioVersion = 17.10.35013.160
MinimumVisualStudioVersion = 10.0.40219.1
Project("{2150E333-8FDC-42A3-9474-1A3956D46DE8}") = "Framework", "Framework", "{F68BFB94-9C76-4A25-82A5-24369112A8AF}"
EndProject
Project("{2150E333-8FDC-42A3-9474-1A3956D46DE8}") = "ContrivedExample", "ContrivedExample", "{1CB60038-B4DF-4F85-8313-5A4A3A207334}"
EndProject
Project("{F5034706-568F-408A-B7B3-4D38C6DB8A32}") = "PowerSpec", "Framework\PowerSpec\PowerSpec.pssproj", "{6CAFC0C6-A428-4D30-A9F9-700E829FEA51}"
EndProject
Project("{F5034706-568F-408A-B7B3-4D38C6DB8A32}") = "ApplicationSpecification", "ContrivedExample\ApplicationSpecification\ApplicationSpecification.pssproj", "{B215E23F-DB88-41D5-8AEA-CD7EA0C8AD7E}"
EndProject
Project("{F5034706-568F-408A-B7B3-4D38C6DB8A32}") = "ThirdPartyPowerShell", "ContrivedExample\ThirdPartyPowerShell\ThirdPartyPowerShell.pssproj", "{8BADF5E8-21DA-43EF-920E-121377DF1217}"
EndProject
Project("{F5034706-568F-408A-B7B3-4D38C6DB8A32}") = "PowerSpec.Tests", "Framework\PowerSpec.Tests\PowerSpec.Tests.pssproj", "{50A09E31-48B8-4D80-8F87-20585FA0C385}"
EndProject
Project("{2150E333-8FDC-42A3-9474-1A3956D46DE8}") = "BinaryCmdletExample", "BinaryCmdletExample", "{65ACFB66-4124-4C1B-8E48-86296AF638DB}"
EndProject
Project("{9A19103F-16F7-4668-BE54-9A1E7A4F7556}") = "Example.Specification", "BinaryCmdletExample\Example.Specification\Example.Specification.csproj", "{83CAD06C-9827-4CDB-BA5C-C50DC83C4972}"
EndProject
Project("{9A19103F-16F7-4668-BE54-9A1E7A4F7556}") = "Example.Application", "BinaryCmdletExample\Example.Application\Example.Application.csproj", "{2F3178DA-A5D7-45AD-A024-89092CE7BF86}"
EndProject
Project("{F5034706-568F-408A-B7B3-4D38C6DB8A32}") = "Example.Application.Tests", "BinaryCmdletExample\Example.Application.Tests\Example.Application.Tests.pssproj", "{F2F50F1F-C171-4B06-A24F-A0CFA81512C3}"
EndProject
Project("{2150E333-8FDC-42A3-9474-1A3956D46DE8}") = "ThirdParty", "ThirdParty", "{BF13A3EF-0847-4606-B52B-35FB9B86CACC}"
EndProject
Project("{9A19103F-16F7-4668-BE54-9A1E7A4F7556}") = "Example.ThirdParty.TrueStack", "BinaryCmdletExample\Example.ThirdParty.TrueStack\Example.ThirdParty.TrueStack.csproj", "{DADE93D8-D665-4842-85DC-C66C8728ADEB}"
EndProject
Project("{9A19103F-16F7-4668-BE54-9A1E7A4F7556}") = "Example.ThirdParty.ListStack", "BinaryCmdletExample\Example.ThirdParty.ListStack\Example.ThirdParty.ListStack.csproj", "{04D80004-5058-466E-9602-CAF49EB6BBD2}"
EndProject
Project("{FAE04EC0-301F-11D3-BF4B-00C04F79EFBC}") = "Example.ThirdParty.FakeStack", "BinaryCmdletExample\Example.ThirdParty.FakeStack\Example.ThirdParty.FakeStack.csproj", "{4669310E-6F0B-45E9-B8A2-B64C456DA161}"
EndProject
Global
	GlobalSection(SolutionConfigurationPlatforms) = preSolution
		Debug|Any CPU = Debug|Any CPU
		Release|Any CPU = Release|Any CPU
	EndGlobalSection
	GlobalSection(ProjectConfigurationPlatforms) = postSolution
		{6CAFC0C6-A428-4D30-A9F9-700E829FEA51}.Debug|Any CPU.ActiveCfg = Debug|Any CPU
		{6CAFC0C6-A428-4D30-A9F9-700E829FEA51}.Debug|Any CPU.Build.0 = Debug|Any CPU
		{6CAFC0C6-A428-4D30-A9F9-700E829FEA51}.Release|Any CPU.ActiveCfg = Release|Any CPU
		{6CAFC0C6-A428-4D30-A9F9-700E829FEA51}.Release|Any CPU.Build.0 = Release|Any CPU
		{B215E23F-DB88-41D5-8AEA-CD7EA0C8AD7E}.Debug|Any CPU.ActiveCfg = Debug|Any CPU
		{B215E23F-DB88-41D5-8AEA-CD7EA0C8AD7E}.Debug|Any CPU.Build.0 = Debug|Any CPU
		{B215E23F-DB88-41D5-8AEA-CD7EA0C8AD7E}.Release|Any CPU.ActiveCfg = Release|Any CPU
		{B215E23F-DB88-41D5-8AEA-CD7EA0C8AD7E}.Release|Any CPU.Build.0 = Release|Any CPU
		{8BADF5E8-21DA-43EF-920E-121377DF1217}.Debug|Any CPU.ActiveCfg = Debug|Any CPU
		{8BADF5E8-21DA-43EF-920E-121377DF1217}.Debug|Any CPU.Build.0 = Debug|Any CPU
		{8BADF5E8-21DA-43EF-920E-121377DF1217}.Release|Any CPU.ActiveCfg = Release|Any CPU
		{8BADF5E8-21DA-43EF-920E-121377DF1217}.Release|Any CPU.Build.0 = Release|Any CPU
		{50A09E31-48B8-4D80-8F87-20585FA0C385}.Debug|Any CPU.ActiveCfg = Debug|Any CPU
		{50A09E31-48B8-4D80-8F87-20585FA0C385}.Debug|Any CPU.Build.0 = Debug|Any CPU
		{50A09E31-48B8-4D80-8F87-20585FA0C385}.Release|Any CPU.ActiveCfg = Release|Any CPU
		{50A09E31-48B8-4D80-8F87-20585FA0C385}.Release|Any CPU.Build.0 = Release|Any CPU
		{83CAD06C-9827-4CDB-BA5C-C50DC83C4972}.Debug|Any CPU.ActiveCfg = Debug|Any CPU
		{83CAD06C-9827-4CDB-BA5C-C50DC83C4972}.Debug|Any CPU.Build.0 = Debug|Any CPU
		{83CAD06C-9827-4CDB-BA5C-C50DC83C4972}.Release|Any CPU.ActiveCfg = Release|Any CPU
		{83CAD06C-9827-4CDB-BA5C-C50DC83C4972}.Release|Any CPU.Build.0 = Release|Any CPU
		{2F3178DA-A5D7-45AD-A024-89092CE7BF86}.Debug|Any CPU.ActiveCfg = Debug|Any CPU
		{2F3178DA-A5D7-45AD-A024-89092CE7BF86}.Debug|Any CPU.Build.0 = Debug|Any CPU
		{2F3178DA-A5D7-45AD-A024-89092CE7BF86}.Release|Any CPU.ActiveCfg = Release|Any CPU
		{2F3178DA-A5D7-45AD-A024-89092CE7BF86}.Release|Any CPU.Build.0 = Release|Any CPU
		{F2F50F1F-C171-4B06-A24F-A0CFA81512C3}.Debug|Any CPU.ActiveCfg = Debug|Any CPU
		{F2F50F1F-C171-4B06-A24F-A0CFA81512C3}.Debug|Any CPU.Build.0 = Debug|Any CPU
		{F2F50F1F-C171-4B06-A24F-A0CFA81512C3}.Release|Any CPU.ActiveCfg = Release|Any CPU
		{F2F50F1F-C171-4B06-A24F-A0CFA81512C3}.Release|Any CPU.Build.0 = Release|Any CPU
		{DADE93D8-D665-4842-85DC-C66C8728ADEB}.Debug|Any CPU.ActiveCfg = Debug|Any CPU
		{DADE93D8-D665-4842-85DC-C66C8728ADEB}.Debug|Any CPU.Build.0 = Debug|Any CPU
		{DADE93D8-D665-4842-85DC-C66C8728ADEB}.Release|Any CPU.ActiveCfg = Release|Any CPU
		{DADE93D8-D665-4842-85DC-C66C8728ADEB}.Release|Any CPU.Build.0 = Release|Any CPU
		{04D80004-5058-466E-9602-CAF49EB6BBD2}.Debug|Any CPU.ActiveCfg = Debug|Any CPU
		{04D80004-5058-466E-9602-CAF49EB6BBD2}.Debug|Any CPU.Build.0 = Debug|Any CPU
		{04D80004-5058-466E-9602-CAF49EB6BBD2}.Release|Any CPU.ActiveCfg = Release|Any CPU
		{04D80004-5058-466E-9602-CAF49EB6BBD2}.Release|Any CPU.Build.0 = Release|Any CPU
		{4669310E-6F0B-45E9-B8A2-B64C456DA161}.Debug|Any CPU.ActiveCfg = Debug|Any CPU
		{4669310E-6F0B-45E9-B8A2-B64C456DA161}.Debug|Any CPU.Build.0 = Debug|Any CPU
		{4669310E-6F0B-45E9-B8A2-B64C456DA161}.Release|Any CPU.ActiveCfg = Release|Any CPU
		{4669310E-6F0B-45E9-B8A2-B64C456DA161}.Release|Any CPU.Build.0 = Release|Any CPU
	EndGlobalSection
	GlobalSection(SolutionProperties) = preSolution
		HideSolutionNode = FALSE
	EndGlobalSection
	GlobalSection(NestedProjects) = preSolution
		{6CAFC0C6-A428-4D30-A9F9-700E829FEA51} = {F68BFB94-9C76-4A25-82A5-24369112A8AF}
		{B215E23F-DB88-41D5-8AEA-CD7EA0C8AD7E} = {1CB60038-B4DF-4F85-8313-5A4A3A207334}
		{8BADF5E8-21DA-43EF-920E-121377DF1217} = {1CB60038-B4DF-4F85-8313-5A4A3A207334}
		{50A09E31-48B8-4D80-8F87-20585FA0C385} = {F68BFB94-9C76-4A25-82A5-24369112A8AF}
		{83CAD06C-9827-4CDB-BA5C-C50DC83C4972} = {65ACFB66-4124-4C1B-8E48-86296AF638DB}
		{2F3178DA-A5D7-45AD-A024-89092CE7BF86} = {65ACFB66-4124-4C1B-8E48-86296AF638DB}
		{F2F50F1F-C171-4B06-A24F-A0CFA81512C3} = {65ACFB66-4124-4C1B-8E48-86296AF638DB}
		{BF13A3EF-0847-4606-B52B-35FB9B86CACC} = {65ACFB66-4124-4C1B-8E48-86296AF638DB}
		{DADE93D8-D665-4842-85DC-C66C8728ADEB} = {BF13A3EF-0847-4606-B52B-35FB9B86CACC}
		{04D80004-5058-466E-9602-CAF49EB6BBD2} = {BF13A3EF-0847-4606-B52B-35FB9B86CACC}
		{4669310E-6F0B-45E9-B8A2-B64C456DA161} = {BF13A3EF-0847-4606-B52B-35FB9B86CACC}
	EndGlobalSection
	GlobalSection(ExtensibilityGlobals) = postSolution
		SolutionGuid = {F95B2113-37C5-4188-A140-73C34CF30141}
	EndGlobalSection
EndGlobal
